// !$*UTF8*$!
{
	archiveVersion = 1;
	classes = {
	};
	objectVersion = 55;
	objects = {

/* Begin PBXBuildFile section */
		05F1791028B37CDF0047383D /* PokemonDetailViewController.swift in Sources */ = {isa = PBXBuildFile; fileRef = 05F1790F28B37CDF0047383D /* PokemonDetailViewController.swift */; };
		68BEC2B528AFBA0400CB5C13 /* AppDelegate.swift in Sources */ = {isa = PBXBuildFile; fileRef = 68BEC2B428AFBA0400CB5C13 /* AppDelegate.swift */; };
		68BEC2B728AFBA0400CB5C13 /* SceneDelegate.swift in Sources */ = {isa = PBXBuildFile; fileRef = 68BEC2B628AFBA0400CB5C13 /* SceneDelegate.swift */; };
		68BEC2B928AFBA0400CB5C13 /* PokemonViewController.swift in Sources */ = {isa = PBXBuildFile; fileRef = 68BEC2B828AFBA0400CB5C13 /* PokemonViewController.swift */; };
		68BEC2BC28AFBA0400CB5C13 /* Main.storyboard in Resources */ = {isa = PBXBuildFile; fileRef = 68BEC2BA28AFBA0400CB5C13 /* Main.storyboard */; };
		68BEC2BE28AFBA0500CB5C13 /* Assets.xcassets in Resources */ = {isa = PBXBuildFile; fileRef = 68BEC2BD28AFBA0500CB5C13 /* Assets.xcassets */; };
		68BEC2C128AFBA0500CB5C13 /* LaunchScreen.storyboard in Resources */ = {isa = PBXBuildFile; fileRef = 68BEC2BF28AFBA0500CB5C13 /* LaunchScreen.storyboard */; };
		68BEC2CC28AFBBE000CB5C13 /* PokeyTableViewCell.swift in Sources */ = {isa = PBXBuildFile; fileRef = 68BEC2CB28AFBBE000CB5C13 /* PokeyTableViewCell.swift */; };
		68BEC2CF28AFBEC900CB5C13 /* Pokemon.swift in Sources */ = {isa = PBXBuildFile; fileRef = 68BEC2CE28AFBEC900CB5C13 /* Pokemon.swift */; };
		68BEC2D228AFC1B400CB5C13 /* SDWebImage in Frameworks */ = {isa = PBXBuildFile; productRef = 68BEC2D128AFC1B400CB5C13 /* SDWebImage */; };
/* End PBXBuildFile section */

/* Begin PBXFileReference section */
		05F1790F28B37CDF0047383D /* PokemonDetailViewController.swift */ = {isa = PBXFileReference; lastKnownFileType = sourcecode.swift; path = PokemonDetailViewController.swift; sourceTree = "<group>"; };
		68BEC2B128AFBA0400CB5C13 /* PokemonList.app */ = {isa = PBXFileReference; explicitFileType = wrapper.application; includeInIndex = 0; path = PokemonList.app; sourceTree = BUILT_PRODUCTS_DIR; };
		68BEC2B428AFBA0400CB5C13 /* AppDelegate.swift */ = {isa = PBXFileReference; lastKnownFileType = sourcecode.swift; path = AppDelegate.swift; sourceTree = "<group>"; };
		68BEC2B628AFBA0400CB5C13 /* SceneDelegate.swift */ = {isa = PBXFileReference; lastKnownFileType = sourcecode.swift; path = SceneDelegate.swift; sourceTree = "<group>"; };
		68BEC2B828AFBA0400CB5C13 /* PokemonViewController.swift */ = {isa = PBXFileReference; lastKnownFileType = sourcecode.swift; path = PokemonViewController.swift; sourceTree = "<group>"; };
		68BEC2BB28AFBA0400CB5C13 /* Base */ = {isa = PBXFileReference; lastKnownFileType = file.storyboard; name = Base; path = Base.lproj/Main.storyboard; sourceTree = "<group>"; };
		68BEC2BD28AFBA0500CB5C13 /* Assets.xcassets */ = {isa = PBXFileReference; lastKnownFileType = folder.assetcatalog; path = Assets.xcassets; sourceTree = "<group>"; };
		68BEC2C028AFBA0500CB5C13 /* Base */ = {isa = PBXFileReference; lastKnownFileType = file.storyboard; name = Base; path = Base.lproj/LaunchScreen.storyboard; sourceTree = "<group>"; };
		68BEC2C228AFBA0500CB5C13 /* Info.plist */ = {isa = PBXFileReference; lastKnownFileType = text.plist.xml; path = Info.plist; sourceTree = "<group>"; };
		68BEC2CB28AFBBE000CB5C13 /* PokeyTableViewCell.swift */ = {isa = PBXFileReference; lastKnownFileType = sourcecode.swift; path = PokeyTableViewCell.swift; sourceTree = "<group>"; };
		68BEC2CE28AFBEC900CB5C13 /* Pokemon.swift */ = {isa = PBXFileReference; lastKnownFileType = sourcecode.swift; path = Pokemon.swift; sourceTree = "<group>"; };
/* End PBXFileReference section */

/* Begin PBXFrameworksBuildPhase section */
		68BEC2AE28AFBA0400CB5C13 /* Frameworks */ = {
			isa = PBXFrameworksBuildPhase;
			buildActionMask = 2147483647;
			files = (
				68BEC2D228AFC1B400CB5C13 /* SDWebImage in Frameworks */,
			);
			runOnlyForDeploymentPostprocessing = 0;
		};
/* End PBXFrameworksBuildPhase section */

/* Begin PBXGroup section */
		68BEC2A828AFBA0400CB5C13 = {
			isa = PBXGroup;
			children = (
				68BEC2B328AFBA0400CB5C13 /* PokemonList */,
				68BEC2B228AFBA0400CB5C13 /* Products */,
			);
			sourceTree = "<group>";
		};
		68BEC2B228AFBA0400CB5C13 /* Products */ = {
			isa = PBXGroup;
			children = (
				68BEC2B128AFBA0400CB5C13 /* PokemonList.app */,
			);
			name = Products;
			sourceTree = "<group>";
		};
		68BEC2B328AFBA0400CB5C13 /* PokemonList */ = {
			isa = PBXGroup;
			children = (
				68BEC2C828AFBA1000CB5C13 /* AppDelegate */,
				68BEC2CD28AFBEA500CB5C13 /* Model */,
				68BEC2CA28AFBA2D00CB5C13 /* View */,
				68BEC2C928AFBA1900CB5C13 /* Controller */,
				68BEC2BD28AFBA0500CB5C13 /* Assets.xcassets */,
				68BEC2C228AFBA0500CB5C13 /* Info.plist */,
			);
			path = PokemonList;
			sourceTree = "<group>";
		};
		68BEC2C828AFBA1000CB5C13 /* AppDelegate */ = {
			isa = PBXGroup;
			children = (
				68BEC2B428AFBA0400CB5C13 /* AppDelegate.swift */,
				68BEC2B628AFBA0400CB5C13 /* SceneDelegate.swift */,
			);
			path = AppDelegate;
			sourceTree = "<group>";
		};
		68BEC2C928AFBA1900CB5C13 /* Controller */ = {
			isa = PBXGroup;
			children = (
				68BEC2B828AFBA0400CB5C13 /* PokemonViewController.swift */,
				68BEC2CB28AFBBE000CB5C13 /* PokeyTableViewCell.swift */,
				05F1790F28B37CDF0047383D /* PokemonDetailViewController.swift */,
			);
			path = Controller;
			sourceTree = "<group>";
		};
		68BEC2CA28AFBA2D00CB5C13 /* View */ = {
			isa = PBXGroup;
			children = (
				68BEC2BA28AFBA0400CB5C13 /* Main.storyboard */,
				68BEC2BF28AFBA0500CB5C13 /* LaunchScreen.storyboard */,
			);
			path = View;
			sourceTree = "<group>";
		};
		68BEC2CD28AFBEA500CB5C13 /* Model */ = {
			isa = PBXGroup;
			children = (
				68BEC2CE28AFBEC900CB5C13 /* Pokemon.swift */,
			);
			path = Model;
			sourceTree = "<group>";
		};
/* End PBXGroup section */

/* Begin PBXNativeTarget section */
		68BEC2B028AFBA0400CB5C13 /* PokemonList */ = {
			isa = PBXNativeTarget;
			buildConfigurationList = 68BEC2C528AFBA0500CB5C13 /* Build configuration list for PBXNativeTarget "PokemonList" */;
			buildPhases = (
				68BEC2AD28AFBA0400CB5C13 /* Sources */,
				68BEC2AE28AFBA0400CB5C13 /* Frameworks */,
				68BEC2AF28AFBA0400CB5C13 /* Resources */,
			);
			buildRules = (
			);
			dependencies = (
			);
			name = PokemonList;
			packageProductDependencies = (
				68BEC2D128AFC1B400CB5C13 /* SDWebImage */,
			);
			productName = PokemonList;
			productReference = 68BEC2B128AFBA0400CB5C13 /* PokemonList.app */;
			productType = "com.apple.product-type.application";
		};
/* End PBXNativeTarget section */

/* Begin PBXProject section */
		68BEC2A928AFBA0400CB5C13 /* Project object */ = {
			isa = PBXProject;
			attributes = {
				BuildIndependentTargetsInParallel = 1;
				LastSwiftUpdateCheck = 1340;
				LastUpgradeCheck = 1340;
				TargetAttributes = {
					68BEC2B028AFBA0400CB5C13 = {
						CreatedOnToolsVersion = 13.4.1;
					};
				};
			};
			buildConfigurationList = 68BEC2AC28AFBA0400CB5C13 /* Build configuration list for PBXProject "PokemonList" */;
			compatibilityVersion = "Xcode 13.0";
			developmentRegion = en;
			hasScannedForEncodings = 0;
			knownRegions = (
				en,
				Base,
			);
			mainGroup = 68BEC2A828AFBA0400CB5C13;
			packageReferences = (
				68BEC2D028AFC1B400CB5C13 /* XCRemoteSwiftPackageReference "SDWebImage" */,
			);
			productRefGroup = 68BEC2B228AFBA0400CB5C13 /* Products */;
			projectDirPath = "";
			projectRoot = "";
			targets = (
				68BEC2B028AFBA0400CB5C13 /* PokemonList */,
			);
		};
/* End PBXProject section */

/* Begin PBXResourcesBuildPhase section */
		68BEC2AF28AFBA0400CB5C13 /* Resources */ = {
			isa = PBXResourcesBuildPhase;
			buildActionMask = 2147483647;
			files = (
				68BEC2C128AFBA0500CB5C13 /* LaunchScreen.storyboard in Resources */,
				68BEC2BE28AFBA0500CB5C13 /* Assets.xcassets in Resources */,
				68BEC2BC28AFBA0400CB5C13 /* Main.storyboard in Resources */,
			);
			runOnlyForDeploymentPostprocessing = 0;
		};
/* End PBXResourcesBuildPhase section */

/* Begin PBXSourcesBuildPhase section */
		68BEC2AD28AFBA0400CB5C13 /* Sources */ = {
			isa = PBXSourcesBuildPhase;
			buildActionMask = 2147483647;
			files = (
				68BEC2CF28AFBEC900CB5C13 /* Pokemon.swift in Sources */,
				68BEC2B928AFBA0400CB5C13 /* PokemonViewController.swift in Sources */,
				68BEC2B528AFBA0400CB5C13 /* AppDelegate.swift in Sources */,
				68BEC2CC28AFBBE000CB5C13 /* PokeyTableViewCell.swift in Sources */,
				68BEC2B728AFBA0400CB5C13 /* SceneDelegate.swift in Sources */,
				05F1791028B37CDF0047383D /* PokemonDetailViewController.swift in Sources */,
			);
			runOnlyForDeploymentPostprocessing = 0;
		};
/* End PBXSourcesBuildPhase section */

/* Begin PBXVariantGroup section */
		68BEC2BA28AFBA0400CB5C13 /* Main.storyboard */ = {
			isa = PBXVariantGroup;
			children = (
				68BEC2BB28AFBA0400CB5C13 /* Base */,
			);
			name = Main.storyboard;
			sourceTree = "<group>";
		};
		68BEC2BF28AFBA0500CB5C13 /* LaunchScreen.storyboard */ = {
			isa = PBXVariantGroup;
			children = (
				68BEC2C028AFBA0500CB5C13 /* Base */,
			);
			name = LaunchScreen.storyboard;
			sourceTree = "<group>";
		};
/* End PBXVariantGroup section */

/* Begin XCBuildConfiguration section */
		68BEC2C328AFBA0500CB5C13 /* Debug */ = {
			isa = XCBuildConfiguration;
			buildSettings = {
				ALWAYS_SEARCH_USER_PATHS = NO;
				CLANG_ANALYZER_NONNULL = YES;
				CLANG_ANALYZER_NUMBER_OBJECT_CONVERSION = YES_AGGRESSIVE;
				CLANG_CXX_LANGUAGE_STANDARD = "gnu++17";
				CLANG_ENABLE_MODULES = YES;
				CLANG_ENABLE_OBJC_ARC = YES;
				CLANG_ENABLE_OBJC_WEAK = YES;
				CLANG_WARN_BLOCK_CAPTURE_AUTORELEASING = YES;
				CLANG_WARN_BOOL_CONVERSION = YES;
				CLANG_WARN_COMMA = YES;
				CLANG_WARN_CONSTANT_CONVERSION = YES;
				CLANG_WARN_DEPRECATED_OBJC_IMPLEMENTATIONS = YES;
				CLANG_WARN_DIRECT_OBJC_ISA_USAGE = YES_ERROR;
				CLANG_WARN_DOCUMENTATION_COMMENTS = YES;
				CLANG_WARN_EMPTY_BODY = YES;
				CLANG_WARN_ENUM_CONVERSION = YES;
				CLANG_WARN_INFINITE_RECURSION = YES;
				CLANG_WARN_INT_CONVERSION = YES;
				CLANG_WARN_NON_LITERAL_NULL_CONVERSION = YES;
				CLANG_WARN_OBJC_IMPLICIT_RETAIN_SELF = YES;
				CLANG_WARN_OBJC_LITERAL_CONVERSION = YES;
				CLANG_WARN_OBJC_ROOT_CLASS = YES_ERROR;
				CLANG_WARN_QUOTED_INCLUDE_IN_FRAMEWORK_HEADER = YES;
				CLANG_WARN_RANGE_LOOP_ANALYSIS = YES;
				CLANG_WARN_STRICT_PROTOTYPES = YES;
				CLANG_WARN_SUSPICIOUS_MOVE = YES;
				CLANG_WARN_UNGUARDED_AVAILABILITY = YES_AGGRESSIVE;
				CLANG_WARN_UNREACHABLE_CODE = YES;
				CLANG_WARN__DUPLICATE_METHOD_MATCH = YES;
				COPY_PHASE_STRIP = NO;
				DEBUG_INFORMATION_FORMAT = dwarf;
				ENABLE_STRICT_OBJC_MSGSEND = YES;
				ENABLE_TESTABILITY = YES;
				GCC_C_LANGUAGE_STANDARD = gnu11;
				GCC_DYNAMIC_NO_PIC = NO;
				GCC_NO_COMMON_BLOCKS = YES;
				GCC_OPTIMIZATION_LEVEL = 0;
				GCC_PREPROCESSOR_DEFINITIONS = (
					"DEBUG=1",
					"$(inherited)",
				);
				GCC_WARN_64_TO_32_BIT_CONVERSION = YES;
				GCC_WARN_ABOUT_RETURN_TYPE = YES_ERROR;
				GCC_WARN_UNDECLARED_SELECTOR = YES;
				GCC_WARN_UNINITIALIZED_AUTOS = YES_AGGRESSIVE;
				GCC_WARN_UNUSED_FUNCTION = YES;
				GCC_WARN_UNUSED_VARIABLE = YES;
				IPHONEOS_DEPLOYMENT_TARGET = 15.5;
				MTL_ENABLE_DEBUG_INFO = INCLUDE_SOURCE;
				MTL_FAST_MATH = YES;
				ONLY_ACTIVE_ARCH = YES;
				SDKROOT = iphoneos;
				SWIFT_ACTIVE_COMPILATION_CONDITIONS = DEBUG;
				SWIFT_OPTIMIZATION_LEVEL = "-Onone";
			};
			name = Debug;
		};
		68BEC2C428AFBA0500CB5C13 /* Release */ = {
			isa = XCBuildConfiguration;
			buildSettings = {
				ALWAYS_SEARCH_USER_PATHS = NO;
				CLANG_ANALYZER_NONNULL = YES;
				CLANG_ANALYZER_NUMBER_OBJECT_CONVERSION = YES_AGGRESSIVE;
				CLANG_CXX_LANGUAGE_STANDARD = "gnu++17";
				CLANG_ENABLE_MODULES = YES;
				CLANG_ENABLE_OBJC_ARC = YES;
				CLANG_ENABLE_OBJC_WEAK = YES;
				CLANG_WARN_BLOCK_CAPTURE_AUTORELEASING = YES;
				CLANG_WARN_BOOL_CONVERSION = YES;
				CLANG_WARN_COMMA = YES;
				CLANG_WARN_CONSTANT_CONVERSION = YES;
				CLANG_WARN_DEPRECATED_OBJC_IMPLEMENTATIONS = YES;
				CLANG_WARN_DIRECT_OBJC_ISA_USAGE = YES_ERROR;
				CLANG_WARN_DOCUMENTATION_COMMENTS = YES;
				CLANG_WARN_EMPTY_BODY = YES;
				CLANG_WARN_ENUM_CONVERSION = YES;
				CLANG_WARN_INFINITE_RECURSION = YES;
				CLANG_WARN_INT_CONVERSION = YES;
				CLANG_WARN_NON_LITERAL_NULL_CONVERSION = YES;
				CLANG_WARN_OBJC_IMPLICIT_RETAIN_SELF = YES;
				CLANG_WARN_OBJC_LITERAL_CONVERSION = YES;
				CLANG_WARN_OBJC_ROOT_CLASS = YES_ERROR;
				CLANG_WARN_QUOTED_INCLUDE_IN_FRAMEWORK_HEADER = YES;
				CLANG_WARN_RANGE_LOOP_ANALYSIS = YES;
				CLANG_WARN_STRICT_PROTOTYPES = YES;
				CLANG_WARN_SUSPICIOUS_MOVE = YES;
				CLANG_WARN_UNGUARDED_AVAILABILITY = YES_AGGRESSIVE;
				CLANG_WARN_UNREACHABLE_CODE = YES;
				CLANG_WARN__DUPLICATE_METHOD_MATCH = YES;
				COPY_PHASE_STRIP = NO;
				DEBUG_INFORMATION_FORMAT = "dwarf-with-dsym";
				ENABLE_NS_ASSERTIONS = NO;
				ENABLE_STRICT_OBJC_MSGSEND = YES;
				GCC_C_LANGUAGE_STANDARD = gnu11;
				GCC_NO_COMMON_BLOCKS = YES;
				GCC_WARN_64_TO_32_BIT_CONVERSION = YES;
				GCC_WARN_ABOUT_RETURN_TYPE = YES_ERROR;
				GCC_WARN_UNDECLARED_SELECTOR = YES;
				GCC_WARN_UNINITIALIZED_AUTOS = YES_AGGRESSIVE;
				GCC_WARN_UNUSED_FUNCTION = YES;
				GCC_WARN_UNUSED_VARIABLE = YES;
				IPHONEOS_DEPLOYMENT_TARGET = 15.5;
				MTL_ENABLE_DEBUG_INFO = NO;
				MTL_FAST_MATH = YES;
				SDKROOT = iphoneos;
				SWIFT_COMPILATION_MODE = wholemodule;
				SWIFT_OPTIMIZATION_LEVEL = "-O";
				VALIDATE_PRODUCT = YES;
			};
			name = Release;
		};
		68BEC2C628AFBA0500CB5C13 /* Debug */ = {
			isa = XCBuildConfiguration;
			buildSettings = {
				ASSETCATALOG_COMPILER_APPICON_NAME = AppIcon;
				ASSETCATALOG_COMPILER_GLOBAL_ACCENT_COLOR_NAME = AccentColor;
				CODE_SIGN_STYLE = Automatic;
				CURRENT_PROJECT_VERSION = 1;
				DEVELOPMENT_TEAM = 5UT44ZH347;
				GENERATE_INFOPLIST_FILE = YES;
				INFOPLIST_FILE = PokemonList/Info.plist;
				INFOPLIST_KEY_UIApplicationSupportsIndirectInputEvents = YES;
				INFOPLIST_KEY_UILaunchStoryboardName = LaunchScreen;
				INFOPLIST_KEY_UIMainStoryboardFile = Main;
				INFOPLIST_KEY_UISupportedInterfaceOrientations_iPad = "UIInterfaceOrientationPortrait UIInterfaceOrientationPortraitUpsideDown UIInterfaceOrientationLandscapeLeft UIInterfaceOrientationLandscapeRight";
				INFOPLIST_KEY_UISupportedInterfaceOrientations_iPhone = "UIInterfaceOrientationPortrait UIInterfaceOrientationLandscapeLeft UIInterfaceOrientationLandscapeRight";
				LD_RUNPATH_SEARCH_PATHS = (
					"$(inherited)",
					"@executable_path/Frameworks",
				);
				MARKETING_VERSION = 1.0;
				PRODUCT_BUNDLE_IDENTIFIER = "com.up-co.PokemonList";
				PRODUCT_NAME = "$(TARGET_NAME)";
				SWIFT_EMIT_LOC_STRINGS = YES;
				SWIFT_VERSION = 5.0;
				TARGETED_DEVICE_FAMILY = "1,2";
			};
			name = Debug;
		};
		68BEC2C728AFBA0500CB5C13 /* Release */ = {
			isa = XCBuildConfiguration;
			buildSettings = {
				ASSETCATALOG_COMPILER_APPICON_NAME = AppIcon;
				ASSETCATALOG_COMPILER_GLOBAL_ACCENT_COLOR_NAME = AccentColor;
				CODE_SIGN_STYLE = Automatic;
				CURRENT_PROJECT_VERSION = 1;
				DEVELOPMENT_TEAM = 5UT44ZH347;
				GENERATE_INFOPLIST_FILE = YES;
				INFOPLIST_FILE = PokemonList/Info.plist;
				INFOPLIST_KEY_UIApplicationSupportsIndirectInputEvents = YES;
				INFOPLIST_KEY_UILaunchStoryboardName = LaunchScreen;
				INFOPLIST_KEY_UIMainStoryboardFile = Main;
				INFOPLIST_KEY_UISupportedInterfaceOrientations_iPad = "UIInterfaceOrientationPortrait UIInterfaceOrientationPortraitUpsideDown UIInterfaceOrientationLandscapeLeft UIInterfaceOrientationLandscapeRight";
				INFOPLIST_KEY_UISupportedInterfaceOrientations_iPhone = "UIInterfaceOrientationPortrait UIInterfaceOrientationLandscapeLeft UIInterfaceOrientationLandscapeRight";
				LD_RUNPATH_SEARCH_PATHS = (
					"$(inherited)",
					"@executable_path/Frameworks",
				);
				MARKETING_VERSION = 1.0;
				PRODUCT_BUNDLE_IDENTIFIER = "com.up-co.PokemonList";
				PRODUCT_NAME = "$(TARGET_NAME)";
				SWIFT_EMIT_LOC_STRINGS = YES;
				SWIFT_VERSION = 5.0;
				TARGETED_DEVICE_FAMILY = "1,2";
			};
			name = Release;
		};
/* End XCBuildConfiguration section */

/* Begin XCConfigurationList section */
		68BEC2AC28AFBA0400CB5C13 /* Build configuration list for PBXProject "PokemonList" */ = {
			isa = XCConfigurationList;
			buildConfigurations = (
				68BEC2C328AFBA0500CB5C13 /* Debug */,
				68BEC2C428AFBA0500CB5C13 /* Release */,
			);
			defaultConfigurationIsVisible = 0;
			defaultConfigurationName = Release;
		};
		68BEC2C528AFBA0500CB5C13 /* Build configuration list for PBXNativeTarget "PokemonList" */ = {
			isa = XCConfigurationList;
			buildConfigurations = (
				68BEC2C628AFBA0500CB5C13 /* Debug */,
				68BEC2C728AFBA0500CB5C13 /* Release */,
			);
			defaultConfigurationIsVisible = 0;
			defaultConfigurationName = Release;
		};
/* End XCConfigurationList section */

/* Begin XCRemoteSwiftPackageReference section */
		68BEC2D028AFC1B400CB5C13 /* XCRemoteSwiftPackageReference "SDWebImage" */ = {
			isa = XCRemoteSwiftPackageReference;
			repositoryURL = "https://github.com/SDWebImage/SDWebImage.git";
			requirement = {
				kind = upToNextMajorVersion;
				minimumVersion = 5.0.0;
			};
		};
/* End XCRemoteSwiftPackageReference section */

/* Begin XCSwiftPackageProductDependency section */
		68BEC2D128AFC1B400CB5C13 /* SDWebImage */ = {
			isa = XCSwiftPackageProductDependency;
			package = 68BEC2D028AFC1B400CB5C13 /* XCRemoteSwiftPackageReference "SDWebImage" */;
			productName = SDWebImage;
		};
/* End XCSwiftPackageProductDependency section */
	};
	rootObject = 68BEC2A928AFBA0400CB5C13 /* Project object */;
}
